
Microsoft Visual Studio Solution File, Format Version 12.00
# Visual Studio Version 17
VisualStudioVersion = 17.4.33213.308
MinimumVisualStudioVersion = 10.0.40219.1
Project("{2150E333-8FDC-42A3-9474-1A3956D46DE8}") = "src", "src", "{4DCB63CA-FC48-4A51-A13D-89C540C8F14D}"
EndProject
Project("{2150E333-8FDC-42A3-9474-1A3956D46DE8}") = "tests", "tests", "{D2BB581F-3922-44EE-9E9C-B1A319F00B81}"
EndProject
Project("{2150E333-8FDC-42A3-9474-1A3956D46DE8}") = "Application", "Application", "{4FAA46F2-8392-449F-A96C-A1DDF60F72A7}"
EndProject
Project("{2150E333-8FDC-42A3-9474-1A3956D46DE8}") = "Core", "Core", "{51937A32-5E17-4978-A256-893FBE28F387}"
EndProject
Project("{2150E333-8FDC-42A3-9474-1A3956D46DE8}") = "API", "API", "{C0930DBB-2F56-4A60-9FBA-8A40B72DF384}"
EndProject
Project("{2150E333-8FDC-42A3-9474-1A3956D46DE8}") = "Domain", "Domain", "{B3C4296C-6E5E-4CA2-9BFD-E031D12D9B39}"
EndProject
Project("{2150E333-8FDC-42A3-9474-1A3956D46DE8}") = "Infrastructure", "Infrastructure", "{BD5AC643-8DD5-43D3-BB9B-6362FCF86A20}"
EndProject
Project("{9A19103F-16F7-4668-BE54-9A1E7A4F7556}") = "ISA.Application.API", "ISA.Application.API\ISA.Application.API.csproj", "{CFA10C95-1B8F-49C1-812E-E6A7787B7234}"
EndProject
Project("{9A19103F-16F7-4668-BE54-9A1E7A4F7556}") = "ISA.Core.Domain", "ISA.Core.Domain\ISA.Core.Domain.csproj", "{07E467AA-F7F4-412C-A826-D918D912FC3D}"
EndProject
Project("{2150E333-8FDC-42A3-9474-1A3956D46DE8}") = "Persistence", "Persistence", "{CECB9886-AEC9-49FC-8474-53324F877AEC}"
EndProject
Project("{2150E333-8FDC-42A3-9474-1A3956D46DE8}") = "PostgreSQL", "PostgreSQL", "{848C6100-EA1A-4FE8-B7C3-B586B614CF06}"
EndProject
Project("{9A19103F-16F7-4668-BE54-9A1E7A4F7556}") = "ISA.Core.Infrastructure.Persistence.PostgreSQL", "ISA.Core.Infrastructure.Persistence.PostgreSQL\ISA.Core.Infrastructure.Persistence.PostgreSQL.csproj", "{18421B2F-B6DD-45FB-9D2C-CF84C8EDEEC1}"
EndProject
Global
	GlobalSection(SolutionConfigurationPlatforms) = preSolution
		Debug|Any CPU = Debug|Any CPU
		Release|Any CPU = Release|Any CPU
	EndGlobalSection
	GlobalSection(ProjectConfigurationPlatforms) = postSolution
		{CFA10C95-1B8F-49C1-812E-E6A7787B7234}.Debug|Any CPU.ActiveCfg = Debug|Any CPU
		{CFA10C95-1B8F-49C1-812E-E6A7787B7234}.Debug|Any CPU.Build.0 = Debug|Any CPU
		{CFA10C95-1B8F-49C1-812E-E6A7787B7234}.Release|Any CPU.ActiveCfg = Release|Any CPU
		{CFA10C95-1B8F-49C1-812E-E6A7787B7234}.Release|Any CPU.Build.0 = Release|Any CPU
		{07E467AA-F7F4-412C-A826-D918D912FC3D}.Debug|Any CPU.ActiveCfg = Debug|Any CPU
		{07E467AA-F7F4-412C-A826-D918D912FC3D}.Debug|Any CPU.Build.0 = Debug|Any CPU
		{07E467AA-F7F4-412C-A826-D918D912FC3D}.Release|Any CPU.ActiveCfg = Release|Any CPU
		{07E467AA-F7F4-412C-A826-D918D912FC3D}.Release|Any CPU.Build.0 = Release|Any CPU
		{18421B2F-B6DD-45FB-9D2C-CF84C8EDEEC1}.Debug|Any CPU.ActiveCfg = Debug|Any CPU
		{18421B2F-B6DD-45FB-9D2C-CF84C8EDEEC1}.Debug|Any CPU.Build.0 = Debug|Any CPU
		{18421B2F-B6DD-45FB-9D2C-CF84C8EDEEC1}.Release|Any CPU.ActiveCfg = Release|Any CPU
		{18421B2F-B6DD-45FB-9D2C-CF84C8EDEEC1}.Release|Any CPU.Build.0 = Release|Any CPU
	EndGlobalSection
	GlobalSection(SolutionProperties) = preSolution
		HideSolutionNode = FALSE
	EndGlobalSection
	GlobalSection(NestedProjects) = preSolution
		{4FAA46F2-8392-449F-A96C-A1DDF60F72A7} = {4DCB63CA-FC48-4A51-A13D-89C540C8F14D}
		{51937A32-5E17-4978-A256-893FBE28F387} = {4DCB63CA-FC48-4A51-A13D-89C540C8F14D}
		{C0930DBB-2F56-4A60-9FBA-8A40B72DF384} = {4FAA46F2-8392-449F-A96C-A1DDF60F72A7}
		{B3C4296C-6E5E-4CA2-9BFD-E031D12D9B39} = {51937A32-5E17-4978-A256-893FBE28F387}
		{BD5AC643-8DD5-43D3-BB9B-6362FCF86A20} = {51937A32-5E17-4978-A256-893FBE28F387}
		{CFA10C95-1B8F-49C1-812E-E6A7787B7234} = {C0930DBB-2F56-4A60-9FBA-8A40B72DF384}
		{07E467AA-F7F4-412C-A826-D918D912FC3D} = {B3C4296C-6E5E-4CA2-9BFD-E031D12D9B39}
		{CECB9886-AEC9-49FC-8474-53324F877AEC} = {BD5AC643-8DD5-43D3-BB9B-6362FCF86A20}
		{848C6100-EA1A-4FE8-B7C3-B586B614CF06} = {CECB9886-AEC9-49FC-8474-53324F877AEC}
		{18421B2F-B6DD-45FB-9D2C-CF84C8EDEEC1} = {848C6100-EA1A-4FE8-B7C3-B586B614CF06}
	EndGlobalSection
	GlobalSection(ExtensibilityGlobals) = postSolution
		SolutionGuid = {B6C9E6BD-38A5-4CF8-A973-8591A65676FD}
	EndGlobalSection
EndGlobal
